// !$*UTF8*$!
{
	archiveVersion = 1;
	classes = {
	};
	objectVersion = 50;
	objects = {

/* Begin PBXBuildFile section */
		60BFA00520B2B716002AF2FD /* AppDelegate.swift in Sources */ = {isa = PBXBuildFile; fileRef = 60BFA00420B2B716002AF2FD /* AppDelegate.swift */; };
		60BFA00720B2B716002AF2FD /* ViewController.swift in Sources */ = {isa = PBXBuildFile; fileRef = 60BFA00620B2B716002AF2FD /* ViewController.swift */; };
		60BFA00A20B2B716002AF2FD /* Main.storyboard in Resources */ = {isa = PBXBuildFile; fileRef = 60BFA00820B2B716002AF2FD /* Main.storyboard */; };
		60BFA00C20B2B717002AF2FD /* Assets.xcassets in Resources */ = {isa = PBXBuildFile; fileRef = 60BFA00B20B2B717002AF2FD /* Assets.xcassets */; };
		60BFA00F20B2B717002AF2FD /* LaunchScreen.storyboard in Resources */ = {isa = PBXBuildFile; fileRef = 60BFA00D20B2B717002AF2FD /* LaunchScreen.storyboard */; };
		60BFA01A20B2B717002AF2FD /* upsTestPushAppTests.swift in Sources */ = {isa = PBXBuildFile; fileRef = 60BFA01920B2B717002AF2FD /* upsTestPushAppTests.swift */; };
		60BFA02520B2B717002AF2FD /* upsTestPushAppUITests.swift in Sources */ = {isa = PBXBuildFile; fileRef = 60BFA02420B2B717002AF2FD /* upsTestPushAppUITests.swift */; };
		60BFA03320B2DA36002AF2FD /* mobile-services.json in Resources */ = {isa = PBXBuildFile; fileRef = 60BFA03220B2DA36002AF2FD /* mobile-services.json */; };
		60D8FE4120B4187900FD1D12 /* PushHelper.swift in Sources */ = {isa = PBXBuildFile; fileRef = 60D8FE4020B4187900FD1D12 /* PushHelper.swift */; };
		F926790A8CA8527DC7EB1F10 /* Pods_upsTestPushApp.framework in Frameworks */ = {isa = PBXBuildFile; fileRef = C7D20D3E5F914BAD59540843 /* Pods_upsTestPushApp.framework */; };
/* End PBXBuildFile section */

/* Begin PBXContainerItemProxy section */
		60BFA01620B2B717002AF2FD /* PBXContainerItemProxy */ = {
			isa = PBXContainerItemProxy;
			containerPortal = 60BF9FF920B2B716002AF2FD /* Project object */;
			proxyType = 1;
			remoteGlobalIDString = 60BFA00020B2B716002AF2FD;
			remoteInfo = upsTestPushApp;
		};
		60BFA02120B2B717002AF2FD /* PBXContainerItemProxy */ = {
			isa = PBXContainerItemProxy;
			containerPortal = 60BF9FF920B2B716002AF2FD /* Project object */;
			proxyType = 1;
			remoteGlobalIDString = 60BFA00020B2B716002AF2FD;
			remoteInfo = upsTestPushApp;
		};
/* End PBXContainerItemProxy section */

/* Begin PBXFileReference section */
		4830A12082A849CCAA074CDF /* Pods-upsTestPushApp.release.xcconfig */ = {isa = PBXFileReference; includeInIndex = 1; lastKnownFileType = text.xcconfig; name = "Pods-upsTestPushApp.release.xcconfig"; path = "Pods/Target Support Files/Pods-upsTestPushApp/Pods-upsTestPushApp.release.xcconfig"; sourceTree = "<group>"; };
		6008D6AB20B46941001F57F7 /* upsTestPushApp.entitlements */ = {isa = PBXFileReference; lastKnownFileType = text.plist.entitlements; path = upsTestPushApp.entitlements; sourceTree = "<group>"; };
		60BFA00120B2B716002AF2FD /* upsTestPushApp.app */ = {isa = PBXFileReference; explicitFileType = wrapper.application; includeInIndex = 0; path = upsTestPushApp.app; sourceTree = BUILT_PRODUCTS_DIR; };
		60BFA00420B2B716002AF2FD /* AppDelegate.swift */ = {isa = PBXFileReference; lastKnownFileType = sourcecode.swift; path = AppDelegate.swift; sourceTree = "<group>"; };
		60BFA00620B2B716002AF2FD /* ViewController.swift */ = {isa = PBXFileReference; lastKnownFileType = sourcecode.swift; path = ViewController.swift; sourceTree = "<group>"; };
		60BFA00920B2B716002AF2FD /* Base */ = {isa = PBXFileReference; lastKnownFileType = file.storyboard; name = Base; path = Base.lproj/Main.storyboard; sourceTree = "<group>"; };
		60BFA00B20B2B717002AF2FD /* Assets.xcassets */ = {isa = PBXFileReference; lastKnownFileType = folder.assetcatalog; path = Assets.xcassets; sourceTree = "<group>"; };
		60BFA00E20B2B717002AF2FD /* Base */ = {isa = PBXFileReference; lastKnownFileType = file.storyboard; name = Base; path = Base.lproj/LaunchScreen.storyboard; sourceTree = "<group>"; };
		60BFA01020B2B717002AF2FD /* Info.plist */ = {isa = PBXFileReference; lastKnownFileType = text.plist.xml; path = Info.plist; sourceTree = "<group>"; };
		60BFA01520B2B717002AF2FD /* upsTestPushAppTests.xctest */ = {isa = PBXFileReference; explicitFileType = wrapper.cfbundle; includeInIndex = 0; path = upsTestPushAppTests.xctest; sourceTree = BUILT_PRODUCTS_DIR; };
		60BFA01920B2B717002AF2FD /* upsTestPushAppTests.swift */ = {isa = PBXFileReference; lastKnownFileType = sourcecode.swift; path = upsTestPushAppTests.swift; sourceTree = "<group>"; };
		60BFA01B20B2B717002AF2FD /* Info.plist */ = {isa = PBXFileReference; lastKnownFileType = text.plist.xml; path = Info.plist; sourceTree = "<group>"; };
		60BFA02020B2B717002AF2FD /* upsTestPushAppUITests.xctest */ = {isa = PBXFileReference; explicitFileType = wrapper.cfbundle; includeInIndex = 0; path = upsTestPushAppUITests.xctest; sourceTree = BUILT_PRODUCTS_DIR; };
		60BFA02420B2B717002AF2FD /* upsTestPushAppUITests.swift */ = {isa = PBXFileReference; lastKnownFileType = sourcecode.swift; path = upsTestPushAppUITests.swift; sourceTree = "<group>"; };
		60BFA02620B2B717002AF2FD /* Info.plist */ = {isa = PBXFileReference; lastKnownFileType = text.plist.xml; path = Info.plist; sourceTree = "<group>"; };
		60BFA03220B2DA36002AF2FD /* mobile-services.json */ = {isa = PBXFileReference; lastKnownFileType = text.json; path = "mobile-services.json"; sourceTree = "<group>"; };
		60D8FE4020B4187900FD1D12 /* PushHelper.swift */ = {isa = PBXFileReference; lastKnownFileType = sourcecode.swift; path = PushHelper.swift; sourceTree = "<group>"; };
		73C084C258E9B3468AB7A3F2 /* Pods-upsTestPushApp.debug.xcconfig */ = {isa = PBXFileReference; includeInIndex = 1; lastKnownFileType = text.xcconfig; name = "Pods-upsTestPushApp.debug.xcconfig"; path = "Pods/Target Support Files/Pods-upsTestPushApp/Pods-upsTestPushApp.debug.xcconfig"; sourceTree = "<group>"; };
		C7D20D3E5F914BAD59540843 /* Pods_upsTestPushApp.framework */ = {isa = PBXFileReference; explicitFileType = wrapper.framework; includeInIndex = 0; path = Pods_upsTestPushApp.framework; sourceTree = BUILT_PRODUCTS_DIR; };
/* End PBXFileReference section */

/* Begin PBXFrameworksBuildPhase section */
		60BF9FFE20B2B716002AF2FD /* Frameworks */ = {
			isa = PBXFrameworksBuildPhase;
			buildActionMask = 2147483647;
			files = (
				F926790A8CA8527DC7EB1F10 /* Pods_upsTestPushApp.framework in Frameworks */,
			);
			runOnlyForDeploymentPostprocessing = 0;
		};
		60BFA01220B2B717002AF2FD /* Frameworks */ = {
			isa = PBXFrameworksBuildPhase;
			buildActionMask = 2147483647;
			files = (
			);
			runOnlyForDeploymentPostprocessing = 0;
		};
		60BFA01D20B2B717002AF2FD /* Frameworks */ = {
			isa = PBXFrameworksBuildPhase;
			buildActionMask = 2147483647;
			files = (
			);
			runOnlyForDeploymentPostprocessing = 0;
		};
/* End PBXFrameworksBuildPhase section */

/* Begin PBXGroup section */
		4F985AE21F324F694F603EAD /* Frameworks */ = {
			isa = PBXGroup;
			children = (
				C7D20D3E5F914BAD59540843 /* Pods_upsTestPushApp.framework */,
			);
			name = Frameworks;
			sourceTree = "<group>";
		};
		60BF9FF820B2B716002AF2FD = {
			isa = PBXGroup;
			children = (
				60BFA03220B2DA36002AF2FD /* mobile-services.json */,
				60BFA00320B2B716002AF2FD /* upsTestPushApp */,
				60BFA01820B2B717002AF2FD /* upsTestPushAppTests */,
				60BFA02320B2B717002AF2FD /* upsTestPushAppUITests */,
				60BFA00220B2B716002AF2FD /* Products */,
				7E3E9B3D0A640CF9702DF300 /* Pods */,
				4F985AE21F324F694F603EAD /* Frameworks */,
			);
			sourceTree = "<group>";
		};
		60BFA00220B2B716002AF2FD /* Products */ = {
			isa = PBXGroup;
			children = (
				60BFA00120B2B716002AF2FD /* upsTestPushApp.app */,
				60BFA01520B2B717002AF2FD /* upsTestPushAppTests.xctest */,
				60BFA02020B2B717002AF2FD /* upsTestPushAppUITests.xctest */,
			);
			name = Products;
			sourceTree = "<group>";
		};
		60BFA00320B2B716002AF2FD /* upsTestPushApp */ = {
			isa = PBXGroup;
			children = (
				6008D6AB20B46941001F57F7 /* upsTestPushApp.entitlements */,
				60BFA00420B2B716002AF2FD /* AppDelegate.swift */,
				60BFA00620B2B716002AF2FD /* ViewController.swift */,
				60BFA00820B2B716002AF2FD /* Main.storyboard */,
				60BFA00B20B2B717002AF2FD /* Assets.xcassets */,
				60BFA00D20B2B717002AF2FD /* LaunchScreen.storyboard */,
				60BFA01020B2B717002AF2FD /* Info.plist */,
				60D8FE4020B4187900FD1D12 /* PushHelper.swift */,
			);
			path = upsTestPushApp;
			sourceTree = "<group>";
		};
		60BFA01820B2B717002AF2FD /* upsTestPushAppTests */ = {
			isa = PBXGroup;
			children = (
				60BFA01920B2B717002AF2FD /* upsTestPushAppTests.swift */,
				60BFA01B20B2B717002AF2FD /* Info.plist */,
			);
			path = upsTestPushAppTests;
			sourceTree = "<group>";
		};
		60BFA02320B2B717002AF2FD /* upsTestPushAppUITests */ = {
			isa = PBXGroup;
			children = (
				60BFA02420B2B717002AF2FD /* upsTestPushAppUITests.swift */,
				60BFA02620B2B717002AF2FD /* Info.plist */,
			);
			path = upsTestPushAppUITests;
			sourceTree = "<group>";
		};
		7E3E9B3D0A640CF9702DF300 /* Pods */ = {
			isa = PBXGroup;
			children = (
				73C084C258E9B3468AB7A3F2 /* Pods-upsTestPushApp.debug.xcconfig */,
				4830A12082A849CCAA074CDF /* Pods-upsTestPushApp.release.xcconfig */,
			);
			name = Pods;
			sourceTree = "<group>";
		};
/* End PBXGroup section */

/* Begin PBXNativeTarget section */
		60BFA00020B2B716002AF2FD /* upsTestPushApp */ = {
			isa = PBXNativeTarget;
			buildConfigurationList = 60BFA02920B2B717002AF2FD /* Build configuration list for PBXNativeTarget "upsTestPushApp" */;
			buildPhases = (
				1052C1858BF46C914F57FB57 /* [CP] Check Pods Manifest.lock */,
				60BF9FFD20B2B716002AF2FD /* Sources */,
				60BF9FFE20B2B716002AF2FD /* Frameworks */,
				60BF9FFF20B2B716002AF2FD /* Resources */,
				CA907B0FAF1DCCF19201DE58 /* [CP] Embed Pods Frameworks */,
			);
			buildRules = (
			);
			dependencies = (
			);
			name = upsTestPushApp;
			productName = upsTestPushApp;
			productReference = 60BFA00120B2B716002AF2FD /* upsTestPushApp.app */;
			productType = "com.apple.product-type.application";
		};
		60BFA01420B2B717002AF2FD /* upsTestPushAppTests */ = {
			isa = PBXNativeTarget;
			buildConfigurationList = 60BFA02C20B2B717002AF2FD /* Build configuration list for PBXNativeTarget "upsTestPushAppTests" */;
			buildPhases = (
				60BFA01120B2B717002AF2FD /* Sources */,
				60BFA01220B2B717002AF2FD /* Frameworks */,
				60BFA01320B2B717002AF2FD /* Resources */,
			);
			buildRules = (
			);
			dependencies = (
				60BFA01720B2B717002AF2FD /* PBXTargetDependency */,
			);
			name = upsTestPushAppTests;
			productName = upsTestPushAppTests;
			productReference = 60BFA01520B2B717002AF2FD /* upsTestPushAppTests.xctest */;
			productType = "com.apple.product-type.bundle.unit-test";
		};
		60BFA01F20B2B717002AF2FD /* upsTestPushAppUITests */ = {
			isa = PBXNativeTarget;
			buildConfigurationList = 60BFA02F20B2B717002AF2FD /* Build configuration list for PBXNativeTarget "upsTestPushAppUITests" */;
			buildPhases = (
				60BFA01C20B2B717002AF2FD /* Sources */,
				60BFA01D20B2B717002AF2FD /* Frameworks */,
				60BFA01E20B2B717002AF2FD /* Resources */,
			);
			buildRules = (
			);
			dependencies = (
				60BFA02220B2B717002AF2FD /* PBXTargetDependency */,
			);
			name = upsTestPushAppUITests;
			productName = upsTestPushAppUITests;
			productReference = 60BFA02020B2B717002AF2FD /* upsTestPushAppUITests.xctest */;
			productType = "com.apple.product-type.bundle.ui-testing";
		};
/* End PBXNativeTarget section */

/* Begin PBXProject section */
		60BF9FF920B2B716002AF2FD /* Project object */ = {
			isa = PBXProject;
			attributes = {
				LastSwiftUpdateCheck = 0930;
				LastUpgradeCheck = 0930;
				ORGANIZATIONNAME = "Colum Foskin";
				TargetAttributes = {
					60BFA00020B2B716002AF2FD = {
						CreatedOnToolsVersion = 9.3;
						SystemCapabilities = {
							com.apple.Push = {
								enabled = 1;
							};
						};
					};
					60BFA01420B2B717002AF2FD = {
						CreatedOnToolsVersion = 9.3;
						TestTargetID = 60BFA00020B2B716002AF2FD;
					};
					60BFA01F20B2B717002AF2FD = {
						CreatedOnToolsVersion = 9.3;
						TestTargetID = 60BFA00020B2B716002AF2FD;
					};
				};
			};
			buildConfigurationList = 60BF9FFC20B2B716002AF2FD /* Build configuration list for PBXProject "upsTestPushApp" */;
			compatibilityVersion = "Xcode 9.3";
			developmentRegion = en;
			hasScannedForEncodings = 0;
			knownRegions = (
				en,
				Base,
			);
			mainGroup = 60BF9FF820B2B716002AF2FD;
			productRefGroup = 60BFA00220B2B716002AF2FD /* Products */;
			projectDirPath = "";
			projectRoot = "";
			targets = (
				60BFA00020B2B716002AF2FD /* upsTestPushApp */,
				60BFA01420B2B717002AF2FD /* upsTestPushAppTests */,
				60BFA01F20B2B717002AF2FD /* upsTestPushAppUITests */,
			);
		};
/* End PBXProject section */

/* Begin PBXResourcesBuildPhase section */
		60BF9FFF20B2B716002AF2FD /* Resources */ = {
			isa = PBXResourcesBuildPhase;
			buildActionMask = 2147483647;
			files = (
				60BFA00F20B2B717002AF2FD /* LaunchScreen.storyboard in Resources */,
				60BFA03320B2DA36002AF2FD /* mobile-services.json in Resources */,
				60BFA00C20B2B717002AF2FD /* Assets.xcassets in Resources */,
				60BFA00A20B2B716002AF2FD /* Main.storyboard in Resources */,
			);
			runOnlyForDeploymentPostprocessing = 0;
		};
		60BFA01320B2B717002AF2FD /* Resources */ = {
			isa = PBXResourcesBuildPhase;
			buildActionMask = 2147483647;
			files = (
			);
			runOnlyForDeploymentPostprocessing = 0;
		};
		60BFA01E20B2B717002AF2FD /* Resources */ = {
			isa = PBXResourcesBuildPhase;
			buildActionMask = 2147483647;
			files = (
			);
			runOnlyForDeploymentPostprocessing = 0;
		};
/* End PBXResourcesBuildPhase section */

/* Begin PBXShellScriptBuildPhase section */
		1052C1858BF46C914F57FB57 /* [CP] Check Pods Manifest.lock */ = {
			isa = PBXShellScriptBuildPhase;
			buildActionMask = 2147483647;
			files = (
			);
			inputPaths = (
				"${PODS_PODFILE_DIR_PATH}/Podfile.lock",
				"${PODS_ROOT}/Manifest.lock",
			);
			name = "[CP] Check Pods Manifest.lock";
			outputPaths = (
				"$(DERIVED_FILE_DIR)/Pods-upsTestPushApp-checkManifestLockResult.txt",
			);
			runOnlyForDeploymentPostprocessing = 0;
			shellPath = /bin/sh;
			shellScript = "diff \"${PODS_PODFILE_DIR_PATH}/Podfile.lock\" \"${PODS_ROOT}/Manifest.lock\" > /dev/null\nif [ $? != 0 ] ; then\n    # print error to STDERR\n    echo \"error: The sandbox is not in sync with the Podfile.lock. Run 'pod install' or update your CocoaPods installation.\" >&2\n    exit 1\nfi\n# This output is used by Xcode 'outputs' to avoid re-running this script phase.\necho \"SUCCESS\" > \"${SCRIPT_OUTPUT_FILE_0}\"\n";
			showEnvVarsInLog = 0;
		};
		CA907B0FAF1DCCF19201DE58 /* [CP] Embed Pods Frameworks */ = {
			isa = PBXShellScriptBuildPhase;
			buildActionMask = 2147483647;
			files = (
			);
			inputPaths = (
				"${SRCROOT}/Pods/Target Support Files/Pods-upsTestPushApp/Pods-upsTestPushApp-frameworks.sh",
				"${BUILT_PRODUCTS_DIR}/AGSCore/AGSCore.framework",
				"${BUILT_PRODUCTS_DIR}/AGSPush/AGSPush.framework",
				"${BUILT_PRODUCTS_DIR}/Alamofire/Alamofire.framework",
				"${BUILT_PRODUCTS_DIR}/ObjcExceptionBridging/ObjcExceptionBridging.framework",
				"${BUILT_PRODUCTS_DIR}/XCGLogger/XCGLogger.framework",
			);
			name = "[CP] Embed Pods Frameworks";
			outputPaths = (
				"${TARGET_BUILD_DIR}/${FRAMEWORKS_FOLDER_PATH}/AGSCore.framework",
				"${TARGET_BUILD_DIR}/${FRAMEWORKS_FOLDER_PATH}/AGSPush.framework",
				"${TARGET_BUILD_DIR}/${FRAMEWORKS_FOLDER_PATH}/Alamofire.framework",
				"${TARGET_BUILD_DIR}/${FRAMEWORKS_FOLDER_PATH}/ObjcExceptionBridging.framework",
				"${TARGET_BUILD_DIR}/${FRAMEWORKS_FOLDER_PATH}/XCGLogger.framework",
			);
			runOnlyForDeploymentPostprocessing = 0;
			shellPath = /bin/sh;
			shellScript = "\"${SRCROOT}/Pods/Target Support Files/Pods-upsTestPushApp/Pods-upsTestPushApp-frameworks.sh\"\n";
			showEnvVarsInLog = 0;
		};
/* End PBXShellScriptBuildPhase section */

/* Begin PBXSourcesBuildPhase section */
		60BF9FFD20B2B716002AF2FD /* Sources */ = {
			isa = PBXSourcesBuildPhase;
			buildActionMask = 2147483647;
			files = (
				60D8FE4120B4187900FD1D12 /* PushHelper.swift in Sources */,
				60BFA00720B2B716002AF2FD /* ViewController.swift in Sources */,
				60BFA00520B2B716002AF2FD /* AppDelegate.swift in Sources */,
			);
			runOnlyForDeploymentPostprocessing = 0;
		};
		60BFA01120B2B717002AF2FD /* Sources */ = {
			isa = PBXSourcesBuildPhase;
			buildActionMask = 2147483647;
			files = (
				60BFA01A20B2B717002AF2FD /* upsTestPushAppTests.swift in Sources */,
			);
			runOnlyForDeploymentPostprocessing = 0;
		};
		60BFA01C20B2B717002AF2FD /* Sources */ = {
			isa = PBXSourcesBuildPhase;
			buildActionMask = 2147483647;
			files = (
				60BFA02520B2B717002AF2FD /* upsTestPushAppUITests.swift in Sources */,
			);
			runOnlyForDeploymentPostprocessing = 0;
		};
/* End PBXSourcesBuildPhase section */

/* Begin PBXTargetDependency section */
		60BFA01720B2B717002AF2FD /* PBXTargetDependency */ = {
			isa = PBXTargetDependency;
			target = 60BFA00020B2B716002AF2FD /* upsTestPushApp */;
			targetProxy = 60BFA01620B2B717002AF2FD /* PBXContainerItemProxy */;
		};
		60BFA02220B2B717002AF2FD /* PBXTargetDependency */ = {
			isa = PBXTargetDependency;
			target = 60BFA00020B2B716002AF2FD /* upsTestPushApp */;
			targetProxy = 60BFA02120B2B717002AF2FD /* PBXContainerItemProxy */;
		};
/* End PBXTargetDependency section */

/* Begin PBXVariantGroup section */
		60BFA00820B2B716002AF2FD /* Main.storyboard */ = {
			isa = PBXVariantGroup;
			children = (
				60BFA00920B2B716002AF2FD /* Base */,
			);
			name = Main.storyboard;
			sourceTree = "<group>";
		};
		60BFA00D20B2B717002AF2FD /* LaunchScreen.storyboard */ = {
			isa = PBXVariantGroup;
			children = (
				60BFA00E20B2B717002AF2FD /* Base */,
			);
			name = LaunchScreen.storyboard;
			sourceTree = "<group>";
		};
/* End PBXVariantGroup section */

/* Begin XCBuildConfiguration section */
		60BFA02720B2B717002AF2FD /* Debug */ = {
			isa = XCBuildConfiguration;
			buildSettings = {
				ALWAYS_SEARCH_USER_PATHS = NO;
				CLANG_ANALYZER_NONNULL = YES;
				CLANG_ANALYZER_NUMBER_OBJECT_CONVERSION = YES_AGGRESSIVE;
				CLANG_CXX_LANGUAGE_STANDARD = "gnu++14";
				CLANG_CXX_LIBRARY = "libc++";
				CLANG_ENABLE_MODULES = YES;
				CLANG_ENABLE_OBJC_ARC = YES;
				CLANG_ENABLE_OBJC_WEAK = YES;
				CLANG_WARN_BLOCK_CAPTURE_AUTORELEASING = YES;
				CLANG_WARN_BOOL_CONVERSION = YES;
				CLANG_WARN_COMMA = YES;
				CLANG_WARN_CONSTANT_CONVERSION = YES;
				CLANG_WARN_DEPRECATED_OBJC_IMPLEMENTATIONS = YES;
				CLANG_WARN_DIRECT_OBJC_ISA_USAGE = YES_ERROR;
				CLANG_WARN_DOCUMENTATION_COMMENTS = YES;
				CLANG_WARN_EMPTY_BODY = YES;
				CLANG_WARN_ENUM_CONVERSION = YES;
				CLANG_WARN_INFINITE_RECURSION = YES;
				CLANG_WARN_INT_CONVERSION = YES;
				CLANG_WARN_NON_LITERAL_NULL_CONVERSION = YES;
				CLANG_WARN_OBJC_IMPLICIT_RETAIN_SELF = YES;
				CLANG_WARN_OBJC_LITERAL_CONVERSION = YES;
				CLANG_WARN_OBJC_ROOT_CLASS = YES_ERROR;
				CLANG_WARN_RANGE_LOOP_ANALYSIS = YES;
				CLANG_WARN_STRICT_PROTOTYPES = YES;
				CLANG_WARN_SUSPICIOUS_MOVE = YES;
				CLANG_WARN_UNGUARDED_AVAILABILITY = YES_AGGRESSIVE;
				CLANG_WARN_UNREACHABLE_CODE = YES;
				CLANG_WARN__DUPLICATE_METHOD_MATCH = YES;
				CODE_SIGN_IDENTITY = "iPhone Developer";
				COPY_PHASE_STRIP = NO;
				DEBUG_INFORMATION_FORMAT = dwarf;
				ENABLE_STRICT_OBJC_MSGSEND = YES;
				ENABLE_TESTABILITY = YES;
				GCC_C_LANGUAGE_STANDARD = gnu11;
				GCC_DYNAMIC_NO_PIC = NO;
				GCC_NO_COMMON_BLOCKS = YES;
				GCC_OPTIMIZATION_LEVEL = 0;
				GCC_PREPROCESSOR_DEFINITIONS = (
					"DEBUG=1",
					"$(inherited)",
				);
				GCC_WARN_64_TO_32_BIT_CONVERSION = YES;
				GCC_WARN_ABOUT_RETURN_TYPE = YES_ERROR;
				GCC_WARN_UNDECLARED_SELECTOR = YES;
				GCC_WARN_UNINITIALIZED_AUTOS = YES_AGGRESSIVE;
				GCC_WARN_UNUSED_FUNCTION = YES;
				GCC_WARN_UNUSED_VARIABLE = YES;
				IPHONEOS_DEPLOYMENT_TARGET = 11.3;
				MTL_ENABLE_DEBUG_INFO = YES;
				ONLY_ACTIVE_ARCH = YES;
				SDKROOT = iphoneos;
				SWIFT_ACTIVE_COMPILATION_CONDITIONS = DEBUG;
				SWIFT_OPTIMIZATION_LEVEL = "-Onone";
			};
			name = Debug;
		};
		60BFA02820B2B717002AF2FD /* Release */ = {
			isa = XCBuildConfiguration;
			buildSettings = {
				ALWAYS_SEARCH_USER_PATHS = NO;
				CLANG_ANALYZER_NONNULL = YES;
				CLANG_ANALYZER_NUMBER_OBJECT_CONVERSION = YES_AGGRESSIVE;
				CLANG_CXX_LANGUAGE_STANDARD = "gnu++14";
				CLANG_CXX_LIBRARY = "libc++";
				CLANG_ENABLE_MODULES = YES;
				CLANG_ENABLE_OBJC_ARC = YES;
				CLANG_ENABLE_OBJC_WEAK = YES;
				CLANG_WARN_BLOCK_CAPTURE_AUTORELEASING = YES;
				CLANG_WARN_BOOL_CONVERSION = YES;
				CLANG_WARN_COMMA = YES;
				CLANG_WARN_CONSTANT_CONVERSION = YES;
				CLANG_WARN_DEPRECATED_OBJC_IMPLEMENTATIONS = YES;
				CLANG_WARN_DIRECT_OBJC_ISA_USAGE = YES_ERROR;
				CLANG_WARN_DOCUMENTATION_COMMENTS = YES;
				CLANG_WARN_EMPTY_BODY = YES;
				CLANG_WARN_ENUM_CONVERSION = YES;
				CLANG_WARN_INFINITE_RECURSION = YES;
				CLANG_WARN_INT_CONVERSION = YES;
				CLANG_WARN_NON_LITERAL_NULL_CONVERSION = YES;
				CLANG_WARN_OBJC_IMPLICIT_RETAIN_SELF = YES;
				CLANG_WARN_OBJC_LITERAL_CONVERSION = YES;
				CLANG_WARN_OBJC_ROOT_CLASS = YES_ERROR;
				CLANG_WARN_RANGE_LOOP_ANALYSIS = YES;
				CLANG_WARN_STRICT_PROTOTYPES = YES;
				CLANG_WARN_SUSPICIOUS_MOVE = YES;
				CLANG_WARN_UNGUARDED_AVAILABILITY = YES_AGGRESSIVE;
				CLANG_WARN_UNREACHABLE_CODE = YES;
				CLANG_WARN__DUPLICATE_METHOD_MATCH = YES;
				CODE_SIGN_IDENTITY = "iPhone Developer";
				COPY_PHASE_STRIP = NO;
				DEBUG_INFORMATION_FORMAT = "dwarf-with-dsym";
				ENABLE_NS_ASSERTIONS = NO;
				ENABLE_STRICT_OBJC_MSGSEND = YES;
				GCC_C_LANGUAGE_STANDARD = gnu11;
				GCC_NO_COMMON_BLOCKS = YES;
				GCC_WARN_64_TO_32_BIT_CONVERSION = YES;
				GCC_WARN_ABOUT_RETURN_TYPE = YES_ERROR;
				GCC_WARN_UNDECLARED_SELECTOR = YES;
				GCC_WARN_UNINITIALIZED_AUTOS = YES_AGGRESSIVE;
				GCC_WARN_UNUSED_FUNCTION = YES;
				GCC_WARN_UNUSED_VARIABLE = YES;
				IPHONEOS_DEPLOYMENT_TARGET = 11.3;
				MTL_ENABLE_DEBUG_INFO = NO;
				SDKROOT = iphoneos;
				SWIFT_COMPILATION_MODE = wholemodule;
				SWIFT_OPTIMIZATION_LEVEL = "-O";
				VALIDATE_PRODUCT = YES;
			};
			name = Release;
		};
		60BFA02A20B2B717002AF2FD /* Debug */ = {
			isa = XCBuildConfiguration;
			baseConfigurationReference = 73C084C258E9B3468AB7A3F2 /* Pods-upsTestPushApp.debug.xcconfig */;
			buildSettings = {
				ASSETCATALOG_COMPILER_APPICON_NAME = AppIcon;
				CODE_SIGN_ENTITLEMENTS = upsTestPushApp/upsTestPushApp.entitlements;
				CODE_SIGN_IDENTITY = "iPhone Developer";
				CODE_SIGN_STYLE = Automatic;
				DEVELOPMENT_TEAM = GHPBX39444;
				INFOPLIST_FILE = upsTestPushApp/Info.plist;
				IPHONEOS_DEPLOYMENT_TARGET = 10.2;
				LD_RUNPATH_SEARCH_PATHS = (
					"$(inherited)",
					"@executable_path/Frameworks",
				);
				PRODUCT_BUNDLE_IDENTIFIER = org.aerogear.helloworldpush.testing;
				PRODUCT_NAME = "$(TARGET_NAME)";
				PROVISIONING_PROFILE_SPECIFIER = "";
				SWIFT_VERSION = 4.0;
				TARGETED_DEVICE_FAMILY = "1,2";
			};
			name = Debug;
		};
		60BFA02B20B2B717002AF2FD /* Release */ = {
			isa = XCBuildConfiguration;
			baseConfigurationReference = 4830A12082A849CCAA074CDF /* Pods-upsTestPushApp.release.xcconfig */;
			buildSettings = {
				ASSETCATALOG_COMPILER_APPICON_NAME = AppIcon;
				CODE_SIGN_ENTITLEMENTS = upsTestPushApp/upsTestPushApp.entitlements;
				CODE_SIGN_IDENTITY = "iPhone Developer";
				CODE_SIGN_STYLE = Automatic;
				DEVELOPMENT_TEAM = GHPBX39444;
				INFOPLIST_FILE = upsTestPushApp/Info.plist;
				IPHONEOS_DEPLOYMENT_TARGET = 10.2;
				LD_RUNPATH_SEARCH_PATHS = (
					"$(inherited)",
					"@executable_path/Frameworks",
				);
				PRODUCT_BUNDLE_IDENTIFIER = org.aerogear.helloworldpush.testing;
				PRODUCT_NAME = "$(TARGET_NAME)";
				PROVISIONING_PROFILE_SPECIFIER = "";
				SWIFT_VERSION = 4.0;
				TARGETED_DEVICE_FAMILY = "1,2";
			};
			name = Release;
		};
		60BFA02D20B2B717002AF2FD /* Debug */ = {
			isa = XCBuildConfiguration;
			buildSettings = {
				ALWAYS_EMBED_SWIFT_STANDARD_LIBRARIES = YES;
				BUNDLE_LOADER = "$(TEST_HOST)";
				CODE_SIGN_STYLE = Automatic;
				INFOPLIST_FILE = upsTestPushAppTests/Info.plist;
				LD_RUNPATH_SEARCH_PATHS = (
					"$(inherited)",
					"@executable_path/Frameworks",
					"@loader_path/Frameworks",
				);
				PRODUCT_BUNDLE_IDENTIFIER = cfoskin.redhat.upsTestPushAppTests;
				PRODUCT_NAME = "$(TARGET_NAME)";
				SWIFT_VERSION = 4.0;
				TARGETED_DEVICE_FAMILY = "1,2";
				TEST_HOST = "$(BUILT_PRODUCTS_DIR)/upsTestPushApp.app/upsTestPushApp";
			};
			name = Debug;
		};
		60BFA02E20B2B717002AF2FD /* Release */ = {
			isa = XCBuildConfiguration;
			buildSettings = {
				ALWAYS_EMBED_SWIFT_STANDARD_LIBRARIES = YES;
				BUNDLE_LOADER = "$(TEST_HOST)";
				CODE_SIGN_STYLE = Automatic;
				INFOPLIST_FILE = upsTestPushAppTests/Info.plist;
				LD_RUNPATH_SEARCH_PATHS = (
					"$(inherited)",
					"@executable_path/Frameworks",
					"@loader_path/Frameworks",
				);
				PRODUCT_BUNDLE_IDENTIFIER = cfoskin.redhat.upsTestPushAppTests;
				PRODUCT_NAME = "$(TARGET_NAME)";
				SWIFT_VERSION = 4.0;
				TARGETED_DEVICE_FAMILY = "1,2";
				TEST_HOST = "$(BUILT_PRODUCTS_DIR)/upsTestPushApp.app/upsTestPushApp";
			};
			name = Release;
		};
		60BFA03020B2B717002AF2FD /* Debug */ = {
			isa = XCBuildConfiguration;
			buildSettings = {
				ALWAYS_EMBED_SWIFT_STANDARD_LIBRARIES = YES;
				CODE_SIGN_STYLE = Automatic;
				INFOPLIST_FILE = upsTestPushAppUITests/Info.plist;
				LD_RUNPATH_SEARCH_PATHS = (
					"$(inherited)",
					"@executable_path/Frameworks",
					"@loader_path/Frameworks",
				);
				PRODUCT_BUNDLE_IDENTIFIER = cfoskin.redhat.upsTestPushAppUITests;
				PRODUCT_NAME = "$(TARGET_NAME)";
				SWIFT_VERSION = 4.0;
				TARGETED_DEVICE_FAMILY = "1,2";
				TEST_TARGET_NAME = upsTestPushApp;
			};
			name = Debug;
		};
		60BFA03120B2B717002AF2FD /* Release */ = {
			isa = XCBuildConfiguration;
			buildSettings = {
				ALWAYS_EMBED_SWIFT_STANDARD_LIBRARIES = YES;
				CODE_SIGN_STYLE = Automatic;
				INFOPLIST_FILE = upsTestPushAppUITests/Info.plist;
				LD_RUNPATH_SEARCH_PATHS = (
					"$(inherited)",
					"@executable_path/Frameworks",
					"@loader_path/Frameworks",
				);
				PRODUCT_BUNDLE_IDENTIFIER = cfoskin.redhat.upsTestPushAppUITests;
				PRODUCT_NAME = "$(TARGET_NAME)";
				SWIFT_VERSION = 4.0;
				TARGETED_DEVICE_FAMILY = "1,2";
				TEST_TARGET_NAME = upsTestPushApp;
			};
			name = Release;
		};
/* End XCBuildConfiguration section */

/* Begin XCConfigurationList section */
		60BF9FFC20B2B716002AF2FD /* Build configuration list for PBXProject "upsTestPushApp" */ = {
			isa = XCConfigurationList;
			buildConfigurations = (
				60BFA02720B2B717002AF2FD /* Debug */,
				60BFA02820B2B717002AF2FD /* Release */,
			);
			defaultConfigurationIsVisible = 0;
			defaultConfigurationName = Release;
		};
		60BFA02920B2B717002AF2FD /* Build configuration list for PBXNativeTarget "upsTestPushApp" */ = {
			isa = XCConfigurationList;
			buildConfigurations = (
				60BFA02A20B2B717002AF2FD /* Debug */,
				60BFA02B20B2B717002AF2FD /* Release */,
			);
			defaultConfigurationIsVisible = 0;
			defaultConfigurationName = Release;
		};
		60BFA02C20B2B717002AF2FD /* Build configuration list for PBXNativeTarget "upsTestPushAppTests" */ = {
			isa = XCConfigurationList;
			buildConfigurations = (
				60BFA02D20B2B717002AF2FD /* Debug */,
				60BFA02E20B2B717002AF2FD /* Release */,
			);
			defaultConfigurationIsVisible = 0;
			defaultConfigurationName = Release;
		};
		60BFA02F20B2B717002AF2FD /* Build configuration list for PBXNativeTarget "upsTestPushAppUITests" */ = {
			isa = XCConfigurationList;
			buildConfigurations = (
				60BFA03020B2B717002AF2FD /* Debug */,
				60BFA03120B2B717002AF2FD /* Release */,
			);
			defaultConfigurationIsVisible = 0;
			defaultConfigurationName = Release;
		};
/* End XCConfigurationList section */
	};
	rootObject = 60BF9FF920B2B716002AF2FD /* Project object */;
}
